
Microsoft Visual Studio Solution File, Format Version 12.00
# Visual Studio Version 17
VisualStudioVersion = 17.6.33829.357
MinimumVisualStudioVersion = 10.0.40219.1
Project("{FAE04EC0-301F-11D3-BF4B-00C04F79EFBC}") = "toner_API", "toner_API\toner_API.csproj", "{D908278C-92B9-4CC3-8EFD-6CA6BF9E0EC2}"
EndProject
Global
	GlobalSection(SolutionConfigurationPlatforms) = preSolution
		Debug|Any CPU = Debug|Any CPU
		Release|Any CPU = Release|Any CPU
	EndGlobalSection
	GlobalSection(ProjectConfigurationPlatforms) = postSolution
		{D908278C-92B9-4CC3-8EFD-6CA6BF9E0EC2}.Debug|Any CPU.ActiveCfg = Debug|Any CPU
		{D908278C-92B9-4CC3-8EFD-6CA6BF9E0EC2}.Debug|Any CPU.Build.0 = Debug|Any CPU
		{D908278C-92B9-4CC3-8EFD-6CA6BF9E0EC2}.Release|Any CPU.ActiveCfg = Release|Any CPU
		{D908278C-92B9-4CC3-8EFD-6CA6BF9E0EC2}.Release|Any CPU.Build.0 = Release|Any CPU
	EndGlobalSection
	GlobalSection(SolutionProperties) = preSolution
		HideSolutionNode = FALSE
	EndGlobalSection
	GlobalSection(ExtensibilityGlobals) = postSolution
		SolutionGuid = {AFB15611-60A6-4FA5-BBD4-DA17430E63B4}
	EndGlobalSection
EndGlobal
